
Microsoft Visual Studio Solution File, Format Version 12.00
# Visual Studio Version 16
VisualStudioVersion = 16.0.31729.503
MinimumVisualStudioVersion = 10.0.40219.1
Project("{FAE04EC0-301F-11D3-BF4B-00C04F79EFBC}") = "Snake", "Snake\Snake.csproj", "{B7061DF0-A121-483F-9704-AFB379067DBD}"
EndProject
Global
	GlobalSection(SolutionConfigurationPlatforms) = preSolution
		Debug|Any CPU = Debug|Any CPU
		Release|Any CPU = Release|Any CPU
	EndGlobalSection
	GlobalSection(ProjectConfigurationPlatforms) = postSolution
		{B7061DF0-A121-483F-9704-AFB379067DBD}.Debug|Any CPU.ActiveCfg = Debug|Any CPU
		{B7061DF0-A121-483F-9704-AFB379067DBD}.Debug|Any CPU.Build.0 = Debug|Any CPU
		{B7061DF0-A121-483F-9704-AFB379067DBD}.Release|Any CPU.ActiveCfg = Release|Any CPU
		{B7061DF0-A121-483F-9704-AFB379067DBD}.Release|Any CPU.Build.0 = Release|Any CPU
	EndGlobalSection
	GlobalSection(SolutionProperties) = preSolution
		HideSolutionNode = FALSE
	EndGlobalSection
	GlobalSection(ExtensibilityGlobals) = postSolution
		SolutionGuid = {564AEF95-006C-40E0-8810-8A19C4E69DD3}
	EndGlobalSection
EndGlobal
